
Microsoft Visual Studio Solution File, Format Version 12.00
# Visual Studio Version 17
VisualStudioVersion = 17.7.34221.43
MinimumVisualStudioVersion = 10.0.40219.1
Project("{FAE04EC0-301F-11D3-BF4B-00C04F79EFBC}") = "N1", "N1\N1.csproj", "{04E9B2B4-83C9-45FD-B809-3B062A48F03D}"
EndProject
Project("{FAE04EC0-301F-11D3-BF4B-00C04F79EFBC}") = "N2", "N2\N2.csproj", "{735E4AA0-BE5F-4E04-858C-5BA693A6A933}"
EndProject
Project("{FAE04EC0-301F-11D3-BF4B-00C04F79EFBC}") = "N3", "N3\N3.csproj", "{0907DE75-F547-4A50-A241-B47F54CDBE46}"
EndProject
Project("{FAE04EC0-301F-11D3-BF4B-00C04F79EFBC}") = "N4", "N4\N4.csproj", "{106F39AD-B188-4E6F-B643-2318B1906F57}"
EndProject
Global
	GlobalSection(SolutionConfigurationPlatforms) = preSolution
		Debug|Any CPU = Debug|Any CPU
		Release|Any CPU = Release|Any CPU
	EndGlobalSection
	GlobalSection(ProjectConfigurationPlatforms) = postSolution
		{04E9B2B4-83C9-45FD-B809-3B062A48F03D}.Debug|Any CPU.ActiveCfg = Debug|Any CPU
		{04E9B2B4-83C9-45FD-B809-3B062A48F03D}.Debug|Any CPU.Build.0 = Debug|Any CPU
		{04E9B2B4-83C9-45FD-B809-3B062A48F03D}.Release|Any CPU.ActiveCfg = Release|Any CPU
		{04E9B2B4-83C9-45FD-B809-3B062A48F03D}.Release|Any CPU.Build.0 = Release|Any CPU
		{735E4AA0-BE5F-4E04-858C-5BA693A6A933}.Debug|Any CPU.ActiveCfg = Debug|Any CPU
		{735E4AA0-BE5F-4E04-858C-5BA693A6A933}.Debug|Any CPU.Build.0 = Debug|Any CPU
		{735E4AA0-BE5F-4E04-858C-5BA693A6A933}.Release|Any CPU.ActiveCfg = Release|Any CPU
		{735E4AA0-BE5F-4E04-858C-5BA693A6A933}.Release|Any CPU.Build.0 = Release|Any CPU
		{0907DE75-F547-4A50-A241-B47F54CDBE46}.Debug|Any CPU.ActiveCfg = Debug|Any CPU
		{0907DE75-F547-4A50-A241-B47F54CDBE46}.Debug|Any CPU.Build.0 = Debug|Any CPU
		{0907DE75-F547-4A50-A241-B47F54CDBE46}.Release|Any CPU.ActiveCfg = Release|Any CPU
		{0907DE75-F547-4A50-A241-B47F54CDBE46}.Release|Any CPU.Build.0 = Release|Any CPU
		{106F39AD-B188-4E6F-B643-2318B1906F57}.Debug|Any CPU.ActiveCfg = Debug|Any CPU
		{106F39AD-B188-4E6F-B643-2318B1906F57}.Debug|Any CPU.Build.0 = Debug|Any CPU
		{106F39AD-B188-4E6F-B643-2318B1906F57}.Release|Any CPU.ActiveCfg = Release|Any CPU
		{106F39AD-B188-4E6F-B643-2318B1906F57}.Release|Any CPU.Build.0 = Release|Any CPU
	EndGlobalSection
	GlobalSection(SolutionProperties) = preSolution
		HideSolutionNode = FALSE
	EndGlobalSection
	GlobalSection(ExtensibilityGlobals) = postSolution
		SolutionGuid = {7DB9E40E-7175-4D50-9569-09A2AC5BB6C5}
	EndGlobalSection
EndGlobal
