
Microsoft Visual Studio Solution File, Format Version 12.00
# Visual Studio Version 17
VisualStudioVersion = 17.9.34714.143
MinimumVisualStudioVersion = 10.0.40219.1
Project("{FAE04EC0-301F-11D3-BF4B-00C04F79EFBC}") = "N1", "N1\N1.csproj", "{8F5D815C-AD5E-4DCD-821E-366363185F77}"
EndProject
Global
	GlobalSection(SolutionConfigurationPlatforms) = preSolution
		Debug|Any CPU = Debug|Any CPU
		Release|Any CPU = Release|Any CPU
	EndGlobalSection
	GlobalSection(ProjectConfigurationPlatforms) = postSolution
		{8F5D815C-AD5E-4DCD-821E-366363185F77}.Debug|Any CPU.ActiveCfg = Debug|Any CPU
		{8F5D815C-AD5E-4DCD-821E-366363185F77}.Debug|Any CPU.Build.0 = Debug|Any CPU
		{8F5D815C-AD5E-4DCD-821E-366363185F77}.Release|Any CPU.ActiveCfg = Release|Any CPU
		{8F5D815C-AD5E-4DCD-821E-366363185F77}.Release|Any CPU.Build.0 = Release|Any CPU
	EndGlobalSection
	GlobalSection(SolutionProperties) = preSolution
		HideSolutionNode = FALSE
	EndGlobalSection
	GlobalSection(ExtensibilityGlobals) = postSolution
		SolutionGuid = {44E41829-AD7A-4FFE-8F86-21F1FB606DF2}
	EndGlobalSection
EndGlobal
